
Microsoft Visual Studio Solution File, Format Version 12.00
# Visual Studio Version 17
VisualStudioVersion = 17.11.35222.181
MinimumVisualStudioVersion = 10.0.40219.1
Project("{FAE04EC0-301F-11D3-BF4B-00C04F79EFBC}") = "Cwiczenia1", "Cwiczenia1.csproj", "{B4A98430-06A1-4D9C-962A-ED839898D27F}"
EndProject
Global
	GlobalSection(SolutionConfigurationPlatforms) = preSolution
		Debug|Any CPU = Debug|Any CPU
		Release|Any CPU = Release|Any CPU
	EndGlobalSection
	GlobalSection(ProjectConfigurationPlatforms) = postSolution
		{B4A98430-06A1-4D9C-962A-ED839898D27F}.Debug|Any CPU.ActiveCfg = Debug|Any CPU
		{B4A98430-06A1-4D9C-962A-ED839898D27F}.Debug|Any CPU.Build.0 = Debug|Any CPU
		{B4A98430-06A1-4D9C-962A-ED839898D27F}.Release|Any CPU.ActiveCfg = Release|Any CPU
		{B4A98430-06A1-4D9C-962A-ED839898D27F}.Release|Any CPU.Build.0 = Release|Any CPU
	EndGlobalSection
	GlobalSection(SolutionProperties) = preSolution
		HideSolutionNode = FALSE
	EndGlobalSection
	GlobalSection(ExtensibilityGlobals) = postSolution
		SolutionGuid = {ECF3167E-705C-4063-B8D7-53FBB4D908CF}
	EndGlobalSection
EndGlobal
